
Microsoft Visual Studio Solution File, Format Version 12.00
# Visual Studio Version 16
VisualStudioVersion = 16.0.31624.102
MinimumVisualStudioVersion = 10.0.40219.1
Project("{9A19103F-16F7-4668-BE54-9A1E7A4F7556}") = "BisnessLogic", "BisnessLogic\BisnessLogic.csproj", "{EFF825A0-696D-452E-AF9D-6D1242263C39}"
EndProject
Project("{9A19103F-16F7-4668-BE54-9A1E7A4F7556}") = "WebPortalLanguages", "WebPortalLanguages\WebPortalLanguages.csproj", "{C8145EF1-2BDD-4B07-8E90-A2F106CF76E9}"
EndProject
Project("{FAE04EC0-301F-11D3-BF4B-00C04F79EFBC}") = "TestProject", "TestProject\TestProject.csproj", "{F5A4A53B-DA21-4D11-883B-CB90682DA6EC}"
EndProject
Global
	GlobalSection(SolutionConfigurationPlatforms) = preSolution
		Debug|Any CPU = Debug|Any CPU
		Release|Any CPU = Release|Any CPU
	EndGlobalSection
	GlobalSection(ProjectConfigurationPlatforms) = postSolution
		{EFF825A0-696D-452E-AF9D-6D1242263C39}.Debug|Any CPU.ActiveCfg = Debug|Any CPU
		{EFF825A0-696D-452E-AF9D-6D1242263C39}.Debug|Any CPU.Build.0 = Debug|Any CPU
		{EFF825A0-696D-452E-AF9D-6D1242263C39}.Release|Any CPU.ActiveCfg = Release|Any CPU
		{EFF825A0-696D-452E-AF9D-6D1242263C39}.Release|Any CPU.Build.0 = Release|Any CPU
		{C8145EF1-2BDD-4B07-8E90-A2F106CF76E9}.Debug|Any CPU.ActiveCfg = Debug|Any CPU
		{C8145EF1-2BDD-4B07-8E90-A2F106CF76E9}.Debug|Any CPU.Build.0 = Debug|Any CPU
		{C8145EF1-2BDD-4B07-8E90-A2F106CF76E9}.Release|Any CPU.ActiveCfg = Release|Any CPU
		{C8145EF1-2BDD-4B07-8E90-A2F106CF76E9}.Release|Any CPU.Build.0 = Release|Any CPU
		{F5A4A53B-DA21-4D11-883B-CB90682DA6EC}.Debug|Any CPU.ActiveCfg = Debug|Any CPU
		{F5A4A53B-DA21-4D11-883B-CB90682DA6EC}.Debug|Any CPU.Build.0 = Debug|Any CPU
		{F5A4A53B-DA21-4D11-883B-CB90682DA6EC}.Release|Any CPU.ActiveCfg = Release|Any CPU
		{F5A4A53B-DA21-4D11-883B-CB90682DA6EC}.Release|Any CPU.Build.0 = Release|Any CPU
	EndGlobalSection
	GlobalSection(SolutionProperties) = preSolution
		HideSolutionNode = FALSE
	EndGlobalSection
	GlobalSection(ExtensibilityGlobals) = postSolution
		SolutionGuid = {C910CAFE-6B09-4625-9BEF-6451AD13D6AE}
	EndGlobalSection
EndGlobal
